%{
  "wx_ex": {:hex, :wx_ex, "0.5.1", "c004fce46f2e73e418da620dbb258c750bbfc66f9e2bf1429fd36a0fa229e606", [:make, :mix], [{:wx_ex_compiler, "0.4.2", [hex: :wx_ex_compiler, repo: "hexpm", optional: false]}], "hexpm", "12b30416ef0710a550dc5cd89c6587e9c7bff5f82617532f1c6a00b323deee71"},
  "wx_ex_compiler": {:hex, :wx_ex_compiler, "0.4.2", "3678c19cba5de952ab2781008bcc0b7d29ea1601f9ea58cfd0e082048e0c09e9", [:mix], [], "hexpm", "de329e1ea69b07016ff53f5ff263cc7142214ffe8bb46bb8a6cc0be360a73c38"},
}
